github.com/mark3labs/mcp-go v0.23.1 h1:RzTzZ5kJ+HxwnutKA4rll8N/pKV6Wh5dhCmiJUu5S9I=
github.com/mark3labs/mcp-go v0.23.1/go.mod h1:rXqOudj/djTORU/ThxYx8fqEVj/5pvTuuebQ2RC7uk4=
github.com/neo4j/neo4j-go-driver/v5 v5.28.0 h1:chDT68PHNa8JZRmjSkGzAbk1weLWo4rMtDvccvpobg0=
github.com/neo4j/neo4j-go-driver/v5 v5.28.0/go.mod h1:Vff8OwT7QpLm7L2yYr85XNWe9Rbqlbeb9asNXJTHO4k=
